
Microsoft Visual Studio Solution File, Format Version 12.00
# Visual Studio for Mac
Project("{FAE04EC0-301F-11D3-BF4B-00C04F79EFBC}") = "Heist", "Heist.csproj", "{0E3690C7-5C1C-2D3B-B89E-28803B068B4B}"
EndProject
Project("{FAE04EC0-301F-11D3-BF4B-00C04F79EFBC}") = "Heist.Plugins", "Heist.Plugins.csproj", "{31777AF0-72F4-02AC-BD05-3F941E438984}"
EndProject
Project("{FAE04EC0-301F-11D3-BF4B-00C04F79EFBC}") = "Heist.Editor.Plugins", "Heist.Editor.Plugins.csproj", "{4EA7DF29-1A0E-2FA5-D3F9-AF86AB2E058B}"
EndProject
Global
	GlobalSection(SolutionConfigurationPlatforms) = preSolution
		Debug|Any CPU = Debug|Any CPU
		Release|Any CPU = Release|Any CPU
	EndGlobalSection
	GlobalSection(ProjectConfigurationPlatforms) = postSolution
		{0E3690C7-5C1C-2D3B-B89E-28803B068B4B}.Debug|Any CPU.ActiveCfg = Debug|Any CPU
		{0E3690C7-5C1C-2D3B-B89E-28803B068B4B}.Debug|Any CPU.Build.0 = Debug|Any CPU
		{0E3690C7-5C1C-2D3B-B89E-28803B068B4B}.Release|Any CPU.ActiveCfg = Release|Any CPU
		{0E3690C7-5C1C-2D3B-B89E-28803B068B4B}.Release|Any CPU.Build.0 = Release|Any CPU
		{31777AF0-72F4-02AC-BD05-3F941E438984}.Debug|Any CPU.ActiveCfg = Debug|Any CPU
		{31777AF0-72F4-02AC-BD05-3F941E438984}.Debug|Any CPU.Build.0 = Debug|Any CPU
		{31777AF0-72F4-02AC-BD05-3F941E438984}.Release|Any CPU.ActiveCfg = Release|Any CPU
		{31777AF0-72F4-02AC-BD05-3F941E438984}.Release|Any CPU.Build.0 = Release|Any CPU
		{4EA7DF29-1A0E-2FA5-D3F9-AF86AB2E058B}.Debug|Any CPU.ActiveCfg = Debug|Any CPU
		{4EA7DF29-1A0E-2FA5-D3F9-AF86AB2E058B}.Debug|Any CPU.Build.0 = Debug|Any CPU
		{4EA7DF29-1A0E-2FA5-D3F9-AF86AB2E058B}.Release|Any CPU.ActiveCfg = Release|Any CPU
		{4EA7DF29-1A0E-2FA5-D3F9-AF86AB2E058B}.Release|Any CPU.Build.0 = Release|Any CPU
	EndGlobalSection
	GlobalSection(SolutionProperties) = preSolution
		HideSolutionNode = FALSE
	EndGlobalSection
EndGlobal
